
Microsoft Visual Studio Solution File, Format Version 12.00
# Visual Studio 15
VisualStudioVersion = 15.0.28307.421
MinimumVisualStudioVersion = 10.0.40219.1
Project("{FAE04EC0-301F-11D3-BF4B-00C04F79EFBC}") = "FirstADWebApp", "FirstADWebApp\FirstADWebApp.csproj", "{59E9F799-E261-44F1-9709-44FA3936716E}"
EndProject
Global
	GlobalSection(SolutionConfigurationPlatforms) = preSolution
		Debug|Any CPU = Debug|Any CPU
		Release|Any CPU = Release|Any CPU
	EndGlobalSection
	GlobalSection(ProjectConfigurationPlatforms) = postSolution
		{59E9F799-E261-44F1-9709-44FA3936716E}.Debug|Any CPU.ActiveCfg = Debug|Any CPU
		{59E9F799-E261-44F1-9709-44FA3936716E}.Debug|Any CPU.Build.0 = Debug|Any CPU
		{59E9F799-E261-44F1-9709-44FA3936716E}.Release|Any CPU.ActiveCfg = Release|Any CPU
		{59E9F799-E261-44F1-9709-44FA3936716E}.Release|Any CPU.Build.0 = Release|Any CPU
	EndGlobalSection
	GlobalSection(SolutionProperties) = preSolution
		HideSolutionNode = FALSE
	EndGlobalSection
	GlobalSection(ExtensibilityGlobals) = postSolution
		SolutionGuid = {5BDD8ECD-2A24-4E58-958F-B20971E1088C}
	EndGlobalSection
EndGlobal
